// !$*UTF8*$!
{
	archiveVersion = 1;
	classes = {
	};
	objectVersion = 56;
	objects = {

/* Begin PBXBuildFile section */
		630B893C2BB97C3E003AEC0F /* Shader.metal in Sources */ = {isa = PBXBuildFile; fileRef = 630B893B2BB97C3E003AEC0F /* Shader.metal */; };
		630B893E2BB984A5003AEC0F /* Ray.swift in Sources */ = {isa = PBXBuildFile; fileRef = 630B893D2BB984A5003AEC0F /* Ray.swift */; };
		630B89402BB985A4003AEC0F /* Hit.swift in Sources */ = {isa = PBXBuildFile; fileRef = 630B893F2BB985A4003AEC0F /* Hit.swift */; };
		630B89422BB98600003AEC0F /* Sphere.swift in Sources */ = {isa = PBXBuildFile; fileRef = 630B89412BB98600003AEC0F /* Sphere.swift */; };
		630B89442BB98B0D003AEC0F /* Raytracer.swift in Sources */ = {isa = PBXBuildFile; fileRef = 630B89432BB98B0D003AEC0F /* Raytracer.swift */; };
		633738152BB970CF0015BAB2 /* RayTracingPracticeApp.swift in Sources */ = {isa = PBXBuildFile; fileRef = 633738142BB970CF0015BAB2 /* RayTracingPracticeApp.swift */; };
		633738172BB970CF0015BAB2 /* ContentView.swift in Sources */ = {isa = PBXBuildFile; fileRef = 633738162BB970CF0015BAB2 /* ContentView.swift */; };
		633738192BB970D00015BAB2 /* Assets.xcassets in Resources */ = {isa = PBXBuildFile; fileRef = 633738182BB970D00015BAB2 /* Assets.xcassets */; };
		6337381C2BB970D00015BAB2 /* Preview Assets.xcassets in Resources */ = {isa = PBXBuildFile; fileRef = 6337381B2BB970D00015BAB2 /* Preview Assets.xcassets */; };
		633738232BB970F10015BAB2 /* Renderer.swift in Sources */ = {isa = PBXBuildFile; fileRef = 633738222BB970F10015BAB2 /* Renderer.swift */; };
/* End PBXBuildFile section */

/* Begin PBXFileReference section */
		630B893A2BB979CC003AEC0F /* definition.h */ = {isa = PBXFileReference; lastKnownFileType = sourcecode.c.h; path = definition.h; sourceTree = "<group>"; };
		630B893B2BB97C3E003AEC0F /* Shader.metal */ = {isa = PBXFileReference; lastKnownFileType = sourcecode.metal; path = Shader.metal; sourceTree = "<group>"; };
		630B893D2BB984A5003AEC0F /* Ray.swift */ = {isa = PBXFileReference; lastKnownFileType = sourcecode.swift; path = Ray.swift; sourceTree = "<group>"; };
		630B893F2BB985A4003AEC0F /* Hit.swift */ = {isa = PBXFileReference; lastKnownFileType = sourcecode.swift; path = Hit.swift; sourceTree = "<group>"; };
		630B89412BB98600003AEC0F /* Sphere.swift */ = {isa = PBXFileReference; lastKnownFileType = sourcecode.swift; path = Sphere.swift; sourceTree = "<group>"; };
		630B89432BB98B0D003AEC0F /* Raytracer.swift */ = {isa = PBXFileReference; lastKnownFileType = sourcecode.swift; path = Raytracer.swift; sourceTree = "<group>"; };
		633738112BB970CF0015BAB2 /* RayTracingPractice.app */ = {isa = PBXFileReference; explicitFileType = wrapper.application; includeInIndex = 0; path = RayTracingPractice.app; sourceTree = BUILT_PRODUCTS_DIR; };
		633738142BB970CF0015BAB2 /* RayTracingPracticeApp.swift */ = {isa = PBXFileReference; lastKnownFileType = sourcecode.swift; path = RayTracingPracticeApp.swift; sourceTree = "<group>"; };
		633738162BB970CF0015BAB2 /* ContentView.swift */ = {isa = PBXFileReference; lastKnownFileType = sourcecode.swift; path = ContentView.swift; sourceTree = "<group>"; };
		633738182BB970D00015BAB2 /* Assets.xcassets */ = {isa = PBXFileReference; lastKnownFileType = folder.assetcatalog; path = Assets.xcassets; sourceTree = "<group>"; };
		6337381B2BB970D00015BAB2 /* Preview Assets.xcassets */ = {isa = PBXFileReference; lastKnownFileType = folder.assetcatalog; path = "Preview Assets.xcassets"; sourceTree = "<group>"; };
		633738222BB970F10015BAB2 /* Renderer.swift */ = {isa = PBXFileReference; lastKnownFileType = sourcecode.swift; path = Renderer.swift; sourceTree = "<group>"; };
/* End PBXFileReference section */

/* Begin PBXFrameworksBuildPhase section */
		6337380E2BB970CF0015BAB2 /* Frameworks */ = {
			isa = PBXFrameworksBuildPhase;
			buildActionMask = 2147483647;
			files = (
			);
			runOnlyForDeploymentPostprocessing = 0;
		};
/* End PBXFrameworksBuildPhase section */

/* Begin PBXGroup section */
		630B89372BB979AB003AEC0F /* MetalModels */ = {
			isa = PBXGroup;
			children = (
				630B893A2BB979CC003AEC0F /* definition.h */,
				630B893D2BB984A5003AEC0F /* Ray.swift */,
				630B893F2BB985A4003AEC0F /* Hit.swift */,
				630B89412BB98600003AEC0F /* Sphere.swift */,
				630B89432BB98B0D003AEC0F /* Raytracer.swift */,
			);
			path = MetalModels;
			sourceTree = "<group>";
		};
		633738082BB970CF0015BAB2 = {
			isa = PBXGroup;
			children = (
				633738132BB970CF0015BAB2 /* RayTracingPractice */,
				633738122BB970CF0015BAB2 /* Products */,
			);
			sourceTree = "<group>";
		};
		633738122BB970CF0015BAB2 /* Products */ = {
			isa = PBXGroup;
			children = (
				633738112BB970CF0015BAB2 /* RayTracingPractice.app */,
			);
			name = Products;
			sourceTree = "<group>";
		};
		633738132BB970CF0015BAB2 /* RayTracingPractice */ = {
			isa = PBXGroup;
			children = (
				630B89372BB979AB003AEC0F /* MetalModels */,
				633738142BB970CF0015BAB2 /* RayTracingPracticeApp.swift */,
				633738162BB970CF0015BAB2 /* ContentView.swift */,
				633738222BB970F10015BAB2 /* Renderer.swift */,
				633738182BB970D00015BAB2 /* Assets.xcassets */,
				6337381A2BB970D00015BAB2 /* Preview Content */,
				630B893B2BB97C3E003AEC0F /* Shader.metal */,
			);
			path = RayTracingPractice;
			sourceTree = "<group>";
		};
		6337381A2BB970D00015BAB2 /* Preview Content */ = {
			isa = PBXGroup;
			children = (
				6337381B2BB970D00015BAB2 /* Preview Assets.xcassets */,
			);
			path = "Preview Content";
			sourceTree = "<group>";
		};
/* End PBXGroup section */

/* Begin PBXNativeTarget section */
		633738102BB970CF0015BAB2 /* RayTracingPractice */ = {
			isa = PBXNativeTarget;
			buildConfigurationList = 6337381F2BB970D00015BAB2 /* Build configuration list for PBXNativeTarget "RayTracingPractice" */;
			buildPhases = (
				6337380D2BB970CF0015BAB2 /* Sources */,
				6337380E2BB970CF0015BAB2 /* Frameworks */,
				6337380F2BB970CF0015BAB2 /* Resources */,
			);
			buildRules = (
			);
			dependencies = (
			);
			name = RayTracingPractice;
			productName = RayTracingPractice;
			productReference = 633738112BB970CF0015BAB2 /* RayTracingPractice.app */;
			productType = "com.apple.product-type.application";
		};
/* End PBXNativeTarget section */

/* Begin PBXProject section */
		633738092BB970CF0015BAB2 /* Project object */ = {
			isa = PBXProject;
			attributes = {
				BuildIndependentTargetsInParallel = 1;
				LastSwiftUpdateCheck = 1520;
				LastUpgradeCheck = 1520;
				TargetAttributes = {
					633738102BB970CF0015BAB2 = {
						CreatedOnToolsVersion = 15.2;
					};
				};
			};
			buildConfigurationList = 6337380C2BB970CF0015BAB2 /* Build configuration list for PBXProject "RayTracingPractice" */;
			compatibilityVersion = "Xcode 14.0";
			developmentRegion = en;
			hasScannedForEncodings = 0;
			knownRegions = (
				en,
				Base,
			);
			mainGroup = 633738082BB970CF0015BAB2;
			productRefGroup = 633738122BB970CF0015BAB2 /* Products */;
			projectDirPath = "";
			projectRoot = "";
			targets = (
				633738102BB970CF0015BAB2 /* RayTracingPractice */,
			);
		};
/* End PBXProject section */

/* Begin PBXResourcesBuildPhase section */
		6337380F2BB970CF0015BAB2 /* Resources */ = {
			isa = PBXResourcesBuildPhase;
			buildActionMask = 2147483647;
			files = (
				6337381C2BB970D00015BAB2 /* Preview Assets.xcassets in Resources */,
				633738192BB970D00015BAB2 /* Assets.xcassets in Resources */,
			);
			runOnlyForDeploymentPostprocessing = 0;
		};
/* End PBXResourcesBuildPhase section */

/* Begin PBXSourcesBuildPhase section */
		6337380D2BB970CF0015BAB2 /* Sources */ = {
			isa = PBXSourcesBuildPhase;
			buildActionMask = 2147483647;
			files = (
				630B89422BB98600003AEC0F /* Sphere.swift in Sources */,
				630B893C2BB97C3E003AEC0F /* Shader.metal in Sources */,
				633738172BB970CF0015BAB2 /* ContentView.swift in Sources */,
				633738232BB970F10015BAB2 /* Renderer.swift in Sources */,
				633738152BB970CF0015BAB2 /* RayTracingPracticeApp.swift in Sources */,
				630B893E2BB984A5003AEC0F /* Ray.swift in Sources */,
				630B89402BB985A4003AEC0F /* Hit.swift in Sources */,
				630B89442BB98B0D003AEC0F /* Raytracer.swift in Sources */,
			);
			runOnlyForDeploymentPostprocessing = 0;
		};
/* End PBXSourcesBuildPhase section */

/* Begin XCBuildConfiguration section */
		6337381D2BB970D00015BAB2 /* Debug */ = {
			isa = XCBuildConfiguration;
			buildSettings = {
				ALWAYS_SEARCH_USER_PATHS = NO;
				ASSETCATALOG_COMPILER_GENERATE_SWIFT_ASSET_SYMBOL_EXTENSIONS = YES;
				CLANG_ANALYZER_NONNULL = YES;
				CLANG_ANALYZER_NUMBER_OBJECT_CONVERSION = YES_AGGRESSIVE;
				CLANG_CXX_LANGUAGE_STANDARD = "gnu++20";
				CLANG_ENABLE_MODULES = YES;
				CLANG_ENABLE_OBJC_ARC = YES;
				CLANG_ENABLE_OBJC_WEAK = YES;
				CLANG_WARN_BLOCK_CAPTURE_AUTORELEASING = YES;
				CLANG_WARN_BOOL_CONVERSION = YES;
				CLANG_WARN_COMMA = YES;
				CLANG_WARN_CONSTANT_CONVERSION = YES;
				CLANG_WARN_DEPRECATED_OBJC_IMPLEMENTATIONS = YES;
				CLANG_WARN_DIRECT_OBJC_ISA_USAGE = YES_ERROR;
				CLANG_WARN_DOCUMENTATION_COMMENTS = YES;
				CLANG_WARN_EMPTY_BODY = YES;
				CLANG_WARN_ENUM_CONVERSION = YES;
				CLANG_WARN_INFINITE_RECURSION = YES;
				CLANG_WARN_INT_CONVERSION = YES;
				CLANG_WARN_NON_LITERAL_NULL_CONVERSION = YES;
				CLANG_WARN_OBJC_IMPLICIT_RETAIN_SELF = YES;
				CLANG_WARN_OBJC_LITERAL_CONVERSION = YES;
				CLANG_WARN_OBJC_ROOT_CLASS = YES_ERROR;
				CLANG_WARN_QUOTED_INCLUDE_IN_FRAMEWORK_HEADER = YES;
				CLANG_WARN_RANGE_LOOP_ANALYSIS = YES;
				CLANG_WARN_STRICT_PROTOTYPES = YES;
				CLANG_WARN_SUSPICIOUS_MOVE = YES;
				CLANG_WARN_UNGUARDED_AVAILABILITY = YES_AGGRESSIVE;
				CLANG_WARN_UNREACHABLE_CODE = YES;
				CLANG_WARN__DUPLICATE_METHOD_MATCH = YES;
				COPY_PHASE_STRIP = NO;
				DEBUG_INFORMATION_FORMAT = dwarf;
				ENABLE_STRICT_OBJC_MSGSEND = YES;
				ENABLE_TESTABILITY = YES;
				ENABLE_USER_SCRIPT_SANDBOXING = YES;
				GCC_C_LANGUAGE_STANDARD = gnu17;
				GCC_DYNAMIC_NO_PIC = NO;
				GCC_NO_COMMON_BLOCKS = YES;
				GCC_OPTIMIZATION_LEVEL = 0;
				GCC_PREPROCESSOR_DEFINITIONS = (
					"DEBUG=1",
					"$(inherited)",
				);
				GCC_WARN_64_TO_32_BIT_CONVERSION = YES;
				GCC_WARN_ABOUT_RETURN_TYPE = YES_ERROR;
				GCC_WARN_UNDECLARED_SELECTOR = YES;
				GCC_WARN_UNINITIALIZED_AUTOS = YES_AGGRESSIVE;
				GCC_WARN_UNUSED_FUNCTION = YES;
				GCC_WARN_UNUSED_VARIABLE = YES;
				IPHONEOS_DEPLOYMENT_TARGET = 17.2;
				LOCALIZATION_PREFERS_STRING_CATALOGS = YES;
				MTL_ENABLE_DEBUG_INFO = INCLUDE_SOURCE;
				MTL_FAST_MATH = YES;
				ONLY_ACTIVE_ARCH = YES;
				SDKROOT = iphoneos;
				SWIFT_ACTIVE_COMPILATION_CONDITIONS = "DEBUG $(inherited)";
				SWIFT_OPTIMIZATION_LEVEL = "-Onone";
			};
			name = Debug;
		};
		6337381E2BB970D00015BAB2 /* Release */ = {
			isa = XCBuildConfiguration;
			buildSettings = {
				ALWAYS_SEARCH_USER_PATHS = NO;
				ASSETCATALOG_COMPILER_GENERATE_SWIFT_ASSET_SYMBOL_EXTENSIONS = YES;
				CLANG_ANALYZER_NONNULL = YES;
				CLANG_ANALYZER_NUMBER_OBJECT_CONVERSION = YES_AGGRESSIVE;
				CLANG_CXX_LANGUAGE_STANDARD = "gnu++20";
				CLANG_ENABLE_MODULES = YES;
				CLANG_ENABLE_OBJC_ARC = YES;
				CLANG_ENABLE_OBJC_WEAK = YES;
				CLANG_WARN_BLOCK_CAPTURE_AUTORELEASING = YES;
				CLANG_WARN_BOOL_CONVERSION = YES;
				CLANG_WARN_COMMA = YES;
				CLANG_WARN_CONSTANT_CONVERSION = YES;
				CLANG_WARN_DEPRECATED_OBJC_IMPLEMENTATIONS = YES;
				CLANG_WARN_DIRECT_OBJC_ISA_USAGE = YES_ERROR;
				CLANG_WARN_DOCUMENTATION_COMMENTS = YES;
				CLANG_WARN_EMPTY_BODY = YES;
				CLANG_WARN_ENUM_CONVERSION = YES;
				CLANG_WARN_INFINITE_RECURSION = YES;
				CLANG_WARN_INT_CONVERSION = YES;
				CLANG_WARN_NON_LITERAL_NULL_CONVERSION = YES;
				CLANG_WARN_OBJC_IMPLICIT_RETAIN_SELF = YES;
				CLANG_WARN_OBJC_LITERAL_CONVERSION = YES;
				CLANG_WARN_OBJC_ROOT_CLASS = YES_ERROR;
				CLANG_WARN_QUOTED_INCLUDE_IN_FRAMEWORK_HEADER = YES;
				CLANG_WARN_RANGE_LOOP_ANALYSIS = YES;
				CLANG_WARN_STRICT_PROTOTYPES = YES;
				CLANG_WARN_SUSPICIOUS_MOVE = YES;
				CLANG_WARN_UNGUARDED_AVAILABILITY = YES_AGGRESSIVE;
				CLANG_WARN_UNREACHABLE_CODE = YES;
				CLANG_WARN__DUPLICATE_METHOD_MATCH = YES;
				COPY_PHASE_STRIP = NO;
				DEBUG_INFORMATION_FORMAT = "dwarf-with-dsym";
				ENABLE_NS_ASSERTIONS = NO;
				ENABLE_STRICT_OBJC_MSGSEND = YES;
				ENABLE_USER_SCRIPT_SANDBOXING = YES;
				GCC_C_LANGUAGE_STANDARD = gnu17;
				GCC_NO_COMMON_BLOCKS = YES;
				GCC_WARN_64_TO_32_BIT_CONVERSION = YES;
				GCC_WARN_ABOUT_RETURN_TYPE = YES_ERROR;
				GCC_WARN_UNDECLARED_SELECTOR = YES;
				GCC_WARN_UNINITIALIZED_AUTOS = YES_AGGRESSIVE;
				GCC_WARN_UNUSED_FUNCTION = YES;
				GCC_WARN_UNUSED_VARIABLE = YES;
				IPHONEOS_DEPLOYMENT_TARGET = 17.2;
				LOCALIZATION_PREFERS_STRING_CATALOGS = YES;
				MTL_ENABLE_DEBUG_INFO = NO;
				MTL_FAST_MATH = YES;
				SDKROOT = iphoneos;
				SWIFT_COMPILATION_MODE = wholemodule;
				VALIDATE_PRODUCT = YES;
			};
			name = Release;
		};
		633738202BB970D00015BAB2 /* Debug */ = {
			isa = XCBuildConfiguration;
			buildSettings = {
				ASSETCATALOG_COMPILER_APPICON_NAME = AppIcon;
				ASSETCATALOG_COMPILER_GLOBAL_ACCENT_COLOR_NAME = AccentColor;
				CODE_SIGN_STYLE = Automatic;
				CURRENT_PROJECT_VERSION = 1;
				DEVELOPMENT_ASSET_PATHS = "\"RayTracingPractice/Preview Content\"";
				DEVELOPMENT_TEAM = 3W9F68ZTUJ;
				ENABLE_PREVIEWS = YES;
				GENERATE_INFOPLIST_FILE = YES;
				INFOPLIST_KEY_UIApplicationSceneManifest_Generation = YES;
				INFOPLIST_KEY_UIApplicationSupportsIndirectInputEvents = YES;
				INFOPLIST_KEY_UILaunchScreen_Generation = YES;
				INFOPLIST_KEY_UISupportedInterfaceOrientations_iPad = "UIInterfaceOrientationPortrait UIInterfaceOrientationPortraitUpsideDown UIInterfaceOrientationLandscapeLeft UIInterfaceOrientationLandscapeRight";
				INFOPLIST_KEY_UISupportedInterfaceOrientations_iPhone = "UIInterfaceOrientationPortrait UIInterfaceOrientationLandscapeLeft UIInterfaceOrientationLandscapeRight";
				LD_RUNPATH_SEARCH_PATHS = (
					"$(inherited)",
					"@executable_path/Frameworks",
				);
				MARKETING_VERSION = 1.0;
				PRODUCT_BUNDLE_IDENTIFIER = com.tistory.arpple.RayTracingPractice;
				PRODUCT_NAME = "$(TARGET_NAME)";
				SWIFT_EMIT_LOC_STRINGS = YES;
				SWIFT_OBJC_BRIDGING_HEADER = RayTracingPractice/MetalModels/definition.h;
				SWIFT_VERSION = 5.0;
				TARGETED_DEVICE_FAMILY = "1,2";
			};
			name = Debug;
		};
		633738212BB970D00015BAB2 /* Release */ = {
			isa = XCBuildConfiguration;
			buildSettings = {
				ASSETCATALOG_COMPILER_APPICON_NAME = AppIcon;
				ASSETCATALOG_COMPILER_GLOBAL_ACCENT_COLOR_NAME = AccentColor;
				CODE_SIGN_STYLE = Automatic;
				CURRENT_PROJECT_VERSION = 1;
				DEVELOPMENT_ASSET_PATHS = "\"RayTracingPractice/Preview Content\"";
				DEVELOPMENT_TEAM = 3W9F68ZTUJ;
				ENABLE_PREVIEWS = YES;
				GENERATE_INFOPLIST_FILE = YES;
				INFOPLIST_KEY_UIApplicationSceneManifest_Generation = YES;
				INFOPLIST_KEY_UIApplicationSupportsIndirectInputEvents = YES;
				INFOPLIST_KEY_UILaunchScreen_Generation = YES;
				INFOPLIST_KEY_UISupportedInterfaceOrientations_iPad = "UIInterfaceOrientationPortrait UIInterfaceOrientationPortraitUpsideDown UIInterfaceOrientationLandscapeLeft UIInterfaceOrientationLandscapeRight";
				INFOPLIST_KEY_UISupportedInterfaceOrientations_iPhone = "UIInterfaceOrientationPortrait UIInterfaceOrientationLandscapeLeft UIInterfaceOrientationLandscapeRight";
				LD_RUNPATH_SEARCH_PATHS = (
					"$(inherited)",
					"@executable_path/Frameworks",
				);
				MARKETING_VERSION = 1.0;
				PRODUCT_BUNDLE_IDENTIFIER = com.tistory.arpple.RayTracingPractice;
				PRODUCT_NAME = "$(TARGET_NAME)";
				SWIFT_EMIT_LOC_STRINGS = YES;
				SWIFT_OBJC_BRIDGING_HEADER = RayTracingPractice/MetalModels/definition.h;
				SWIFT_VERSION = 5.0;
				TARGETED_DEVICE_FAMILY = "1,2";
			};
			name = Release;
		};
/* End XCBuildConfiguration section */

/* Begin XCConfigurationList section */
		6337380C2BB970CF0015BAB2 /* Build configuration list for PBXProject "RayTracingPractice" */ = {
			isa = XCConfigurationList;
			buildConfigurations = (
				6337381D2BB970D00015BAB2 /* Debug */,
				6337381E2BB970D00015BAB2 /* Release */,
			);
			defaultConfigurationIsVisible = 0;
			defaultConfigurationName = Release;
		};
		6337381F2BB970D00015BAB2 /* Build configuration list for PBXNativeTarget "RayTracingPractice" */ = {
			isa = XCConfigurationList;
			buildConfigurations = (
				633738202BB970D00015BAB2 /* Debug */,
				633738212BB970D00015BAB2 /* Release */,
			);
			defaultConfigurationIsVisible = 0;
			defaultConfigurationName = Release;
		};
/* End XCConfigurationList section */
	};
	rootObject = 633738092BB970CF0015BAB2 /* Project object */;
}
