// !$*UTF8*$!
{
	archiveVersion = 1;
	classes = {
	};
	objectVersion = 56;
	objects = {

/* Begin PBXBuildFile section */
		63E031042BC2ED0D00D778A5 /* DrawingTriangleApp.swift in Sources */ = {isa = PBXBuildFile; fileRef = 63E031032BC2ED0D00D778A5 /* DrawingTriangleApp.swift */; };
		63E031062BC2ED0D00D778A5 /* ContentView.swift in Sources */ = {isa = PBXBuildFile; fileRef = 63E031052BC2ED0D00D778A5 /* ContentView.swift */; };
		63E031082BC2ED0E00D778A5 /* Assets.xcassets in Resources */ = {isa = PBXBuildFile; fileRef = 63E031072BC2ED0E00D778A5 /* Assets.xcassets */; };
		63E0310B2BC2ED0E00D778A5 /* Preview Assets.xcassets in Resources */ = {isa = PBXBuildFile; fileRef = 63E0310A2BC2ED0E00D778A5 /* Preview Assets.xcassets */; };
		63E031142BC2EDC000D778A5 /* Renderer.swift in Sources */ = {isa = PBXBuildFile; fileRef = 63E031132BC2EDC000D778A5 /* Renderer.swift */; };
		63E031162BC2EDDF00D778A5 /* Ray.swift in Sources */ = {isa = PBXBuildFile; fileRef = 63E031152BC2EDDF00D778A5 /* Ray.swift */; };
		63E031182BC2EDE300D778A5 /* Hit.swift in Sources */ = {isa = PBXBuildFile; fileRef = 63E031172BC2EDE300D778A5 /* Hit.swift */; };
		63E0311A2BC2EDE700D778A5 /* Sphere.swift in Sources */ = {isa = PBXBuildFile; fileRef = 63E031192BC2EDE700D778A5 /* Sphere.swift */; };
		63E0311C2BC2EDEB00D778A5 /* Raytracer.swift in Sources */ = {isa = PBXBuildFile; fileRef = 63E0311B2BC2EDEB00D778A5 /* Raytracer.swift */; };
		63E0311E2BC2EEA700D778A5 /* Shader.metal in Sources */ = {isa = PBXBuildFile; fileRef = 63E0311D2BC2EEA700D778A5 /* Shader.metal */; };
		63E031212BC2EFD000D778A5 /* Obje.swift in Sources */ = {isa = PBXBuildFile; fileRef = 63E031202BC2EFD000D778A5 /* Obje.swift */; };
		63E031232BC2F0A500D778A5 /* Triangle.swift in Sources */ = {isa = PBXBuildFile; fileRef = 63E031222BC2F0A500D778A5 /* Triangle.swift */; };
/* End PBXBuildFile section */

/* Begin PBXFileReference section */
		63E031002BC2ED0D00D778A5 /* DrawingTriangle.app */ = {isa = PBXFileReference; explicitFileType = wrapper.application; includeInIndex = 0; path = DrawingTriangle.app; sourceTree = BUILT_PRODUCTS_DIR; };
		63E031032BC2ED0D00D778A5 /* DrawingTriangleApp.swift */ = {isa = PBXFileReference; lastKnownFileType = sourcecode.swift; path = DrawingTriangleApp.swift; sourceTree = "<group>"; };
		63E031052BC2ED0D00D778A5 /* ContentView.swift */ = {isa = PBXFileReference; lastKnownFileType = sourcecode.swift; path = ContentView.swift; sourceTree = "<group>"; };
		63E031072BC2ED0E00D778A5 /* Assets.xcassets */ = {isa = PBXFileReference; lastKnownFileType = folder.assetcatalog; path = Assets.xcassets; sourceTree = "<group>"; };
		63E0310A2BC2ED0E00D778A5 /* Preview Assets.xcassets */ = {isa = PBXFileReference; lastKnownFileType = folder.assetcatalog; path = "Preview Assets.xcassets"; sourceTree = "<group>"; };
		63E031122BC2ED7100D778A5 /* definition.h */ = {isa = PBXFileReference; lastKnownFileType = sourcecode.c.h; path = definition.h; sourceTree = "<group>"; };
		63E031132BC2EDC000D778A5 /* Renderer.swift */ = {isa = PBXFileReference; lastKnownFileType = sourcecode.swift; path = Renderer.swift; sourceTree = "<group>"; };
		63E031152BC2EDDF00D778A5 /* Ray.swift */ = {isa = PBXFileReference; fileEncoding = 4; lastKnownFileType = sourcecode.swift; name = Ray.swift; path = ../../../RayTracingPractice/RayTracingPractice/MetalModels/Ray.swift; sourceTree = "<group>"; };
		63E031172BC2EDE300D778A5 /* Hit.swift */ = {isa = PBXFileReference; fileEncoding = 4; lastKnownFileType = sourcecode.swift; name = Hit.swift; path = ../../../RayTracingPractice/RayTracingPractice/MetalModels/Hit.swift; sourceTree = "<group>"; };
		63E031192BC2EDE700D778A5 /* Sphere.swift */ = {isa = PBXFileReference; fileEncoding = 4; lastKnownFileType = sourcecode.swift; path = Sphere.swift; sourceTree = "<group>"; };
		63E0311B2BC2EDEB00D778A5 /* Raytracer.swift */ = {isa = PBXFileReference; fileEncoding = 4; lastKnownFileType = sourcecode.swift; name = Raytracer.swift; path = ../../../RayTracingPractice/RayTracingPractice/MetalModels/Raytracer.swift; sourceTree = "<group>"; };
		63E0311D2BC2EEA700D778A5 /* Shader.metal */ = {isa = PBXFileReference; lastKnownFileType = sourcecode.metal; path = Shader.metal; sourceTree = "<group>"; };
		63E031202BC2EFD000D778A5 /* Obje.swift */ = {isa = PBXFileReference; lastKnownFileType = sourcecode.swift; path = Obje.swift; sourceTree = "<group>"; };
		63E031222BC2F0A500D778A5 /* Triangle.swift */ = {isa = PBXFileReference; lastKnownFileType = sourcecode.swift; path = Triangle.swift; sourceTree = "<group>"; };
/* End PBXFileReference section */

/* Begin PBXFrameworksBuildPhase section */
		63E030FD2BC2ED0D00D778A5 /* Frameworks */ = {
			isa = PBXFrameworksBuildPhase;
			buildActionMask = 2147483647;
			files = (
			);
			runOnlyForDeploymentPostprocessing = 0;
		};
/* End PBXFrameworksBuildPhase section */

/* Begin PBXGroup section */
		63E030F72BC2ED0D00D778A5 = {
			isa = PBXGroup;
			children = (
				63E031022BC2ED0D00D778A5 /* DrawingTriangle */,
				63E031012BC2ED0D00D778A5 /* Products */,
			);
			sourceTree = "<group>";
		};
		63E031012BC2ED0D00D778A5 /* Products */ = {
			isa = PBXGroup;
			children = (
				63E031002BC2ED0D00D778A5 /* DrawingTriangle.app */,
			);
			name = Products;
			sourceTree = "<group>";
		};
		63E031022BC2ED0D00D778A5 /* DrawingTriangle */ = {
			isa = PBXGroup;
			children = (
				63E031112BC2ED6800D778A5 /* MetalModels */,
				63E031032BC2ED0D00D778A5 /* DrawingTriangleApp.swift */,
				63E031052BC2ED0D00D778A5 /* ContentView.swift */,
				63E031132BC2EDC000D778A5 /* Renderer.swift */,
				63E031072BC2ED0E00D778A5 /* Assets.xcassets */,
				63E031092BC2ED0E00D778A5 /* Preview Content */,
				63E0311D2BC2EEA700D778A5 /* Shader.metal */,
			);
			path = DrawingTriangle;
			sourceTree = "<group>";
		};
		63E031092BC2ED0E00D778A5 /* Preview Content */ = {
			isa = PBXGroup;
			children = (
				63E0310A2BC2ED0E00D778A5 /* Preview Assets.xcassets */,
			);
			path = "Preview Content";
			sourceTree = "<group>";
		};
		63E031112BC2ED6800D778A5 /* MetalModels */ = {
			isa = PBXGroup;
			children = (
				63E0311F2BC2EFC800D778A5 /* Objes */,
				63E031122BC2ED7100D778A5 /* definition.h */,
				63E031172BC2EDE300D778A5 /* Hit.swift */,
				63E031152BC2EDDF00D778A5 /* Ray.swift */,
				63E0311B2BC2EDEB00D778A5 /* Raytracer.swift */,
			);
			path = MetalModels;
			sourceTree = "<group>";
		};
		63E0311F2BC2EFC800D778A5 /* Objes */ = {
			isa = PBXGroup;
			children = (
				63E031202BC2EFD000D778A5 /* Obje.swift */,
				63E031192BC2EDE700D778A5 /* Sphere.swift */,
				63E031222BC2F0A500D778A5 /* Triangle.swift */,
			);
			path = Objes;
			sourceTree = "<group>";
		};
/* End PBXGroup section */

/* Begin PBXNativeTarget section */
		63E030FF2BC2ED0D00D778A5 /* DrawingTriangle */ = {
			isa = PBXNativeTarget;
			buildConfigurationList = 63E0310E2BC2ED0E00D778A5 /* Build configuration list for PBXNativeTarget "DrawingTriangle" */;
			buildPhases = (
				63E030FC2BC2ED0D00D778A5 /* Sources */,
				63E030FD2BC2ED0D00D778A5 /* Frameworks */,
				63E030FE2BC2ED0D00D778A5 /* Resources */,
			);
			buildRules = (
			);
			dependencies = (
			);
			name = DrawingTriangle;
			productName = DrawingTriangle;
			productReference = 63E031002BC2ED0D00D778A5 /* DrawingTriangle.app */;
			productType = "com.apple.product-type.application";
		};
/* End PBXNativeTarget section */

/* Begin PBXProject section */
		63E030F82BC2ED0D00D778A5 /* Project object */ = {
			isa = PBXProject;
			attributes = {
				BuildIndependentTargetsInParallel = 1;
				LastSwiftUpdateCheck = 1520;
				LastUpgradeCheck = 1520;
				TargetAttributes = {
					63E030FF2BC2ED0D00D778A5 = {
						CreatedOnToolsVersion = 15.2;
					};
				};
			};
			buildConfigurationList = 63E030FB2BC2ED0D00D778A5 /* Build configuration list for PBXProject "DrawingTriangle" */;
			compatibilityVersion = "Xcode 14.0";
			developmentRegion = en;
			hasScannedForEncodings = 0;
			knownRegions = (
				en,
				Base,
			);
			mainGroup = 63E030F72BC2ED0D00D778A5;
			productRefGroup = 63E031012BC2ED0D00D778A5 /* Products */;
			projectDirPath = "";
			projectRoot = "";
			targets = (
				63E030FF2BC2ED0D00D778A5 /* DrawingTriangle */,
			);
		};
/* End PBXProject section */

/* Begin PBXResourcesBuildPhase section */
		63E030FE2BC2ED0D00D778A5 /* Resources */ = {
			isa = PBXResourcesBuildPhase;
			buildActionMask = 2147483647;
			files = (
				63E0310B2BC2ED0E00D778A5 /* Preview Assets.xcassets in Resources */,
				63E031082BC2ED0E00D778A5 /* Assets.xcassets in Resources */,
			);
			runOnlyForDeploymentPostprocessing = 0;
		};
/* End PBXResourcesBuildPhase section */

/* Begin PBXSourcesBuildPhase section */
		63E030FC2BC2ED0D00D778A5 /* Sources */ = {
			isa = PBXSourcesBuildPhase;
			buildActionMask = 2147483647;
			files = (
				63E031182BC2EDE300D778A5 /* Hit.swift in Sources */,
				63E0311C2BC2EDEB00D778A5 /* Raytracer.swift in Sources */,
				63E031162BC2EDDF00D778A5 /* Ray.swift in Sources */,
				63E0311A2BC2EDE700D778A5 /* Sphere.swift in Sources */,
				63E0311E2BC2EEA700D778A5 /* Shader.metal in Sources */,
				63E031062BC2ED0D00D778A5 /* ContentView.swift in Sources */,
				63E031212BC2EFD000D778A5 /* Obje.swift in Sources */,
				63E031232BC2F0A500D778A5 /* Triangle.swift in Sources */,
				63E031142BC2EDC000D778A5 /* Renderer.swift in Sources */,
				63E031042BC2ED0D00D778A5 /* DrawingTriangleApp.swift in Sources */,
			);
			runOnlyForDeploymentPostprocessing = 0;
		};
/* End PBXSourcesBuildPhase section */

/* Begin XCBuildConfiguration section */
		63E0310C2BC2ED0E00D778A5 /* Debug */ = {
			isa = XCBuildConfiguration;
			buildSettings = {
				ALWAYS_SEARCH_USER_PATHS = NO;
				ASSETCATALOG_COMPILER_GENERATE_SWIFT_ASSET_SYMBOL_EXTENSIONS = YES;
				CLANG_ANALYZER_NONNULL = YES;
				CLANG_ANALYZER_NUMBER_OBJECT_CONVERSION = YES_AGGRESSIVE;
				CLANG_CXX_LANGUAGE_STANDARD = "gnu++20";
				CLANG_ENABLE_MODULES = YES;
				CLANG_ENABLE_OBJC_ARC = YES;
				CLANG_ENABLE_OBJC_WEAK = YES;
				CLANG_WARN_BLOCK_CAPTURE_AUTORELEASING = YES;
				CLANG_WARN_BOOL_CONVERSION = YES;
				CLANG_WARN_COMMA = YES;
				CLANG_WARN_CONSTANT_CONVERSION = YES;
				CLANG_WARN_DEPRECATED_OBJC_IMPLEMENTATIONS = YES;
				CLANG_WARN_DIRECT_OBJC_ISA_USAGE = YES_ERROR;
				CLANG_WARN_DOCUMENTATION_COMMENTS = YES;
				CLANG_WARN_EMPTY_BODY = YES;
				CLANG_WARN_ENUM_CONVERSION = YES;
				CLANG_WARN_INFINITE_RECURSION = YES;
				CLANG_WARN_INT_CONVERSION = YES;
				CLANG_WARN_NON_LITERAL_NULL_CONVERSION = YES;
				CLANG_WARN_OBJC_IMPLICIT_RETAIN_SELF = YES;
				CLANG_WARN_OBJC_LITERAL_CONVERSION = YES;
				CLANG_WARN_OBJC_ROOT_CLASS = YES_ERROR;
				CLANG_WARN_QUOTED_INCLUDE_IN_FRAMEWORK_HEADER = YES;
				CLANG_WARN_RANGE_LOOP_ANALYSIS = YES;
				CLANG_WARN_STRICT_PROTOTYPES = YES;
				CLANG_WARN_SUSPICIOUS_MOVE = YES;
				CLANG_WARN_UNGUARDED_AVAILABILITY = YES_AGGRESSIVE;
				CLANG_WARN_UNREACHABLE_CODE = YES;
				CLANG_WARN__DUPLICATE_METHOD_MATCH = YES;
				COPY_PHASE_STRIP = NO;
				DEBUG_INFORMATION_FORMAT = dwarf;
				ENABLE_STRICT_OBJC_MSGSEND = YES;
				ENABLE_TESTABILITY = YES;
				ENABLE_USER_SCRIPT_SANDBOXING = YES;
				GCC_C_LANGUAGE_STANDARD = gnu17;
				GCC_DYNAMIC_NO_PIC = NO;
				GCC_NO_COMMON_BLOCKS = YES;
				GCC_OPTIMIZATION_LEVEL = 0;
				GCC_PREPROCESSOR_DEFINITIONS = (
					"DEBUG=1",
					"$(inherited)",
				);
				GCC_WARN_64_TO_32_BIT_CONVERSION = YES;
				GCC_WARN_ABOUT_RETURN_TYPE = YES_ERROR;
				GCC_WARN_UNDECLARED_SELECTOR = YES;
				GCC_WARN_UNINITIALIZED_AUTOS = YES_AGGRESSIVE;
				GCC_WARN_UNUSED_FUNCTION = YES;
				GCC_WARN_UNUSED_VARIABLE = YES;
				IPHONEOS_DEPLOYMENT_TARGET = 17.2;
				LOCALIZATION_PREFERS_STRING_CATALOGS = YES;
				MTL_ENABLE_DEBUG_INFO = INCLUDE_SOURCE;
				MTL_FAST_MATH = YES;
				ONLY_ACTIVE_ARCH = YES;
				SDKROOT = iphoneos;
				SWIFT_ACTIVE_COMPILATION_CONDITIONS = "DEBUG $(inherited)";
				SWIFT_OBJC_BRIDGING_HEADER = DrawingTriangle/MetalModels/definition.h;
				SWIFT_OPTIMIZATION_LEVEL = "-Onone";
			};
			name = Debug;
		};
		63E0310D2BC2ED0E00D778A5 /* Release */ = {
			isa = XCBuildConfiguration;
			buildSettings = {
				ALWAYS_SEARCH_USER_PATHS = NO;
				ASSETCATALOG_COMPILER_GENERATE_SWIFT_ASSET_SYMBOL_EXTENSIONS = YES;
				CLANG_ANALYZER_NONNULL = YES;
				CLANG_ANALYZER_NUMBER_OBJECT_CONVERSION = YES_AGGRESSIVE;
				CLANG_CXX_LANGUAGE_STANDARD = "gnu++20";
				CLANG_ENABLE_MODULES = YES;
				CLANG_ENABLE_OBJC_ARC = YES;
				CLANG_ENABLE_OBJC_WEAK = YES;
				CLANG_WARN_BLOCK_CAPTURE_AUTORELEASING = YES;
				CLANG_WARN_BOOL_CONVERSION = YES;
				CLANG_WARN_COMMA = YES;
				CLANG_WARN_CONSTANT_CONVERSION = YES;
				CLANG_WARN_DEPRECATED_OBJC_IMPLEMENTATIONS = YES;
				CLANG_WARN_DIRECT_OBJC_ISA_USAGE = YES_ERROR;
				CLANG_WARN_DOCUMENTATION_COMMENTS = YES;
				CLANG_WARN_EMPTY_BODY = YES;
				CLANG_WARN_ENUM_CONVERSION = YES;
				CLANG_WARN_INFINITE_RECURSION = YES;
				CLANG_WARN_INT_CONVERSION = YES;
				CLANG_WARN_NON_LITERAL_NULL_CONVERSION = YES;
				CLANG_WARN_OBJC_IMPLICIT_RETAIN_SELF = YES;
				CLANG_WARN_OBJC_LITERAL_CONVERSION = YES;
				CLANG_WARN_OBJC_ROOT_CLASS = YES_ERROR;
				CLANG_WARN_QUOTED_INCLUDE_IN_FRAMEWORK_HEADER = YES;
				CLANG_WARN_RANGE_LOOP_ANALYSIS = YES;
				CLANG_WARN_STRICT_PROTOTYPES = YES;
				CLANG_WARN_SUSPICIOUS_MOVE = YES;
				CLANG_WARN_UNGUARDED_AVAILABILITY = YES_AGGRESSIVE;
				CLANG_WARN_UNREACHABLE_CODE = YES;
				CLANG_WARN__DUPLICATE_METHOD_MATCH = YES;
				COPY_PHASE_STRIP = NO;
				DEBUG_INFORMATION_FORMAT = "dwarf-with-dsym";
				ENABLE_NS_ASSERTIONS = NO;
				ENABLE_STRICT_OBJC_MSGSEND = YES;
				ENABLE_USER_SCRIPT_SANDBOXING = YES;
				GCC_C_LANGUAGE_STANDARD = gnu17;
				GCC_NO_COMMON_BLOCKS = YES;
				GCC_WARN_64_TO_32_BIT_CONVERSION = YES;
				GCC_WARN_ABOUT_RETURN_TYPE = YES_ERROR;
				GCC_WARN_UNDECLARED_SELECTOR = YES;
				GCC_WARN_UNINITIALIZED_AUTOS = YES_AGGRESSIVE;
				GCC_WARN_UNUSED_FUNCTION = YES;
				GCC_WARN_UNUSED_VARIABLE = YES;
				IPHONEOS_DEPLOYMENT_TARGET = 17.2;
				LOCALIZATION_PREFERS_STRING_CATALOGS = YES;
				MTL_ENABLE_DEBUG_INFO = NO;
				MTL_FAST_MATH = YES;
				SDKROOT = iphoneos;
				SWIFT_COMPILATION_MODE = wholemodule;
				SWIFT_OBJC_BRIDGING_HEADER = DrawingTriangle/MetalModels/definition.h;
				VALIDATE_PRODUCT = YES;
			};
			name = Release;
		};
		63E0310F2BC2ED0E00D778A5 /* Debug */ = {
			isa = XCBuildConfiguration;
			buildSettings = {
				ASSETCATALOG_COMPILER_APPICON_NAME = AppIcon;
				ASSETCATALOG_COMPILER_GLOBAL_ACCENT_COLOR_NAME = AccentColor;
				CODE_SIGN_STYLE = Automatic;
				CURRENT_PROJECT_VERSION = 1;
				DEVELOPMENT_ASSET_PATHS = "\"DrawingTriangle/Preview Content\"";
				DEVELOPMENT_TEAM = 3W9F68ZTUJ;
				ENABLE_PREVIEWS = YES;
				GENERATE_INFOPLIST_FILE = YES;
				INFOPLIST_KEY_UIApplicationSceneManifest_Generation = YES;
				INFOPLIST_KEY_UIApplicationSupportsIndirectInputEvents = YES;
				INFOPLIST_KEY_UILaunchScreen_Generation = YES;
				INFOPLIST_KEY_UISupportedInterfaceOrientations_iPad = "UIInterfaceOrientationPortrait UIInterfaceOrientationPortraitUpsideDown UIInterfaceOrientationLandscapeLeft UIInterfaceOrientationLandscapeRight";
				INFOPLIST_KEY_UISupportedInterfaceOrientations_iPhone = "UIInterfaceOrientationPortrait UIInterfaceOrientationLandscapeLeft UIInterfaceOrientationLandscapeRight";
				LD_RUNPATH_SEARCH_PATHS = (
					"$(inherited)",
					"@executable_path/Frameworks",
				);
				MARKETING_VERSION = 1.0;
				PRODUCT_BUNDLE_IDENTIFIER = com.tistory.arpple.DrawingTriangle;
				PRODUCT_NAME = "$(TARGET_NAME)";
				SWIFT_EMIT_LOC_STRINGS = YES;
				SWIFT_VERSION = 5.0;
				TARGETED_DEVICE_FAMILY = "1,2";
			};
			name = Debug;
		};
		63E031102BC2ED0E00D778A5 /* Release */ = {
			isa = XCBuildConfiguration;
			buildSettings = {
				ASSETCATALOG_COMPILER_APPICON_NAME = AppIcon;
				ASSETCATALOG_COMPILER_GLOBAL_ACCENT_COLOR_NAME = AccentColor;
				CODE_SIGN_STYLE = Automatic;
				CURRENT_PROJECT_VERSION = 1;
				DEVELOPMENT_ASSET_PATHS = "\"DrawingTriangle/Preview Content\"";
				DEVELOPMENT_TEAM = 3W9F68ZTUJ;
				ENABLE_PREVIEWS = YES;
				GENERATE_INFOPLIST_FILE = YES;
				INFOPLIST_KEY_UIApplicationSceneManifest_Generation = YES;
				INFOPLIST_KEY_UIApplicationSupportsIndirectInputEvents = YES;
				INFOPLIST_KEY_UILaunchScreen_Generation = YES;
				INFOPLIST_KEY_UISupportedInterfaceOrientations_iPad = "UIInterfaceOrientationPortrait UIInterfaceOrientationPortraitUpsideDown UIInterfaceOrientationLandscapeLeft UIInterfaceOrientationLandscapeRight";
				INFOPLIST_KEY_UISupportedInterfaceOrientations_iPhone = "UIInterfaceOrientationPortrait UIInterfaceOrientationLandscapeLeft UIInterfaceOrientationLandscapeRight";
				LD_RUNPATH_SEARCH_PATHS = (
					"$(inherited)",
					"@executable_path/Frameworks",
				);
				MARKETING_VERSION = 1.0;
				PRODUCT_BUNDLE_IDENTIFIER = com.tistory.arpple.DrawingTriangle;
				PRODUCT_NAME = "$(TARGET_NAME)";
				SWIFT_EMIT_LOC_STRINGS = YES;
				SWIFT_VERSION = 5.0;
				TARGETED_DEVICE_FAMILY = "1,2";
			};
			name = Release;
		};
/* End XCBuildConfiguration section */

/* Begin XCConfigurationList section */
		63E030FB2BC2ED0D00D778A5 /* Build configuration list for PBXProject "DrawingTriangle" */ = {
			isa = XCConfigurationList;
			buildConfigurations = (
				63E0310C2BC2ED0E00D778A5 /* Debug */,
				63E0310D2BC2ED0E00D778A5 /* Release */,
			);
			defaultConfigurationIsVisible = 0;
			defaultConfigurationName = Release;
		};
		63E0310E2BC2ED0E00D778A5 /* Build configuration list for PBXNativeTarget "DrawingTriangle" */ = {
			isa = XCConfigurationList;
			buildConfigurations = (
				63E0310F2BC2ED0E00D778A5 /* Debug */,
				63E031102BC2ED0E00D778A5 /* Release */,
			);
			defaultConfigurationIsVisible = 0;
			defaultConfigurationName = Release;
		};
/* End XCConfigurationList section */
	};
	rootObject = 63E030F82BC2ED0D00D778A5 /* Project object */;
}
